
Microsoft Visual Studio Solution File, Format Version 12.00
# Visual Studio 15
VisualStudioVersion = 15.0.27428.2015
MinimumVisualStudioVersion = 10.0.40219.1
Project("{9A19103F-16F7-4668-BE54-9A1E7A4F7556}") = "C64RCOS", "C64RCOS\C64RCOS.csproj", "{5B4448CD-9958-446A-B597-4258C9B1CE3B}"
EndProject
Project("{471EC4BB-E47E-4229-A789-D1F5F83B52D4}") = "C64RCOSBoot", "C64RCOS\C64RCOSBoot.Cosmos", "{CB65BAC4-8336-4AA4-9ECF-8DAC933D3370}"
EndProject
Global
	GlobalSection(SolutionConfigurationPlatforms) = preSolution
		Debug|Any CPU = Debug|Any CPU
		Debug|x86 = Debug|x86
		Release|Any CPU = Release|Any CPU
		Release|x86 = Release|x86
	EndGlobalSection
	GlobalSection(ProjectConfigurationPlatforms) = postSolution
		{5B4448CD-9958-446A-B597-4258C9B1CE3B}.Debug|Any CPU.ActiveCfg = Debug|Any CPU
		{5B4448CD-9958-446A-B597-4258C9B1CE3B}.Debug|Any CPU.Build.0 = Debug|Any CPU
		{5B4448CD-9958-446A-B597-4258C9B1CE3B}.Debug|x86.ActiveCfg = Debug|x86
		{5B4448CD-9958-446A-B597-4258C9B1CE3B}.Debug|x86.Build.0 = Debug|x86
		{5B4448CD-9958-446A-B597-4258C9B1CE3B}.Release|Any CPU.ActiveCfg = Release|Any CPU
		{5B4448CD-9958-446A-B597-4258C9B1CE3B}.Release|Any CPU.Build.0 = Release|Any CPU
		{5B4448CD-9958-446A-B597-4258C9B1CE3B}.Release|x86.ActiveCfg = Debug|Any CPU
		{5B4448CD-9958-446A-B597-4258C9B1CE3B}.Release|x86.Build.0 = Debug|Any CPU
		{CB65BAC4-8336-4AA4-9ECF-8DAC933D3370}.Debug|Any CPU.ActiveCfg = Debug|Any CPU
		{CB65BAC4-8336-4AA4-9ECF-8DAC933D3370}.Debug|Any CPU.Build.0 = Debug|Any CPU
		{CB65BAC4-8336-4AA4-9ECF-8DAC933D3370}.Debug|x86.ActiveCfg = Debug|Any CPU
		{CB65BAC4-8336-4AA4-9ECF-8DAC933D3370}.Debug|x86.Build.0 = Debug|Any CPU
		{CB65BAC4-8336-4AA4-9ECF-8DAC933D3370}.Release|Any CPU.ActiveCfg = Release|Any CPU
		{CB65BAC4-8336-4AA4-9ECF-8DAC933D3370}.Release|Any CPU.Build.0 = Release|Any CPU
		{CB65BAC4-8336-4AA4-9ECF-8DAC933D3370}.Release|x86.ActiveCfg = Debug|Any CPU
		{CB65BAC4-8336-4AA4-9ECF-8DAC933D3370}.Release|x86.Build.0 = Debug|Any CPU
	EndGlobalSection
	GlobalSection(SolutionProperties) = preSolution
		HideSolutionNode = FALSE
	EndGlobalSection
	GlobalSection(ExtensibilityGlobals) = postSolution
		SolutionGuid = {48CBB1F7-46D6-4D7D-9C72-3B26D3302E87}
	EndGlobalSection
EndGlobal
